
Microsoft Visual Studio Solution File, Format Version 12.00
# Visual Studio Version 17
VisualStudioVersion = 17.9.34728.123
MinimumVisualStudioVersion = 10.0.40219.1
Project("{2150E333-8FDC-42A3-9474-1A3956D46DE8}") = "ApiGateway", "ApiGateway", "{71AE0E06-257D-433A-8BC3-FDDD4DBEEF0C}"
EndProject
Project("{2150E333-8FDC-42A3-9474-1A3956D46DE8}") = "OrderService", "OrderService", "{C8C74B89-85D5-4361-BC3E-E2406D010DEA}"
EndProject
Project("{2150E333-8FDC-42A3-9474-1A3956D46DE8}") = "NotificationService", "NotificationService", "{A99579FE-A091-4106-8827-0D3F7D27C3CB}"
EndProject
Project("{2150E333-8FDC-42A3-9474-1A3956D46DE8}") = "Shared", "Shared", "{045AE81A-2CDD-4754-9DDE-0200973EB9DE}"
EndProject
Project("{2150E333-8FDC-42A3-9474-1A3956D46DE8}") = "OrderService.Infrastructure", "OrderService.Infrastructure", "{C7184889-D83B-46A9-BD2D-54196D8B684C}"
EndProject
Project("{2150E333-8FDC-42A3-9474-1A3956D46DE8}") = "OrderService.Domain", "OrderService.Domain", "{09A9F9EE-65E9-42A9-80E6-BA11C0DDC0B8}"
EndProject
Project("{2150E333-8FDC-42A3-9474-1A3956D46DE8}") = "OrderService.Api", "OrderService.Api", "{C607D165-FE71-42D4-B302-EFA0B78A1E8B}"
EndProject
Project("{2150E333-8FDC-42A3-9474-1A3956D46DE8}") = "OrderService.Application", "OrderService.Application", "{93F6331B-D983-41D2-8D0B-1A6BE487C077}"
EndProject
Project("{9A19103F-16F7-4668-BE54-9A1E7A4F7556}") = "OrderService.Api", "OrderService\OrderService.Api\OrderService.Api.csproj", "{00751646-D8A7-4E53-BCA1-A2315C9194EC}"
EndProject
Project("{9A19103F-16F7-4668-BE54-9A1E7A4F7556}") = "OrderService.Application", "OrderService\OrderService.Application\OrderService.Application.csproj", "{5E774D40-1286-42A5-A559-7BEA678217CB}"
EndProject
Project("{9A19103F-16F7-4668-BE54-9A1E7A4F7556}") = "OrderService.Domain", "OrderService\OrderService.Domain\OrderService.Domain.csproj", "{C75E62A9-0BE2-45DB-9B8A-BCE43500B04E}"
EndProject
Project("{9A19103F-16F7-4668-BE54-9A1E7A4F7556}") = "OrderService.Infrastructure", "OrderService\OrderService.Infrastructure\OrderService.Infrastructure.csproj", "{D9868EB3-B815-4A6A-A117-0A7310DB2AC2}"
EndProject
Project("{2150E333-8FDC-42A3-9474-1A3956D46DE8}") = "NotificationService.Api", "NotificationService.Api", "{3D164187-E072-4132-8233-6F2A524C665C}"
EndProject
Project("{2150E333-8FDC-42A3-9474-1A3956D46DE8}") = "NotificationService.Domain", "NotificationService.Domain", "{F501F351-3DC7-46A3-ABE9-B4827DA2B74A}"
EndProject
Project("{2150E333-8FDC-42A3-9474-1A3956D46DE8}") = "NotificationService.Application", "NotificationService.Application", "{52E1F541-67B5-4CF2-B372-BCAEA003492A}"
EndProject
Project("{2150E333-8FDC-42A3-9474-1A3956D46DE8}") = "NotificationService.Infrastructure", "NotificationService.Infrastructure", "{1F8B4D05-E2E3-4B44-8273-8DFA1442CDCB}"
EndProject
Project("{9A19103F-16F7-4668-BE54-9A1E7A4F7556}") = "NotificationService.Api", "NotificationService\NotificationService.Api\NotificationService.Api.csproj", "{CA3795D8-672F-4867-8322-421953BCB92D}"
EndProject
Project("{9A19103F-16F7-4668-BE54-9A1E7A4F7556}") = "NotificationService.Application", "NotificationService\NotificationService.Application\NotificationService.Application.csproj", "{315F389A-BA2E-47D7-893A-2DBC4084FE3D}"
EndProject
Project("{9A19103F-16F7-4668-BE54-9A1E7A4F7556}") = "NotificationService.Domain", "NotificationService\NotificationService.Domain\NotificationService.Domain.csproj", "{38BE7B82-D297-4CF0-952E-4CF4B1B4B3FD}"
EndProject
Project("{9A19103F-16F7-4668-BE54-9A1E7A4F7556}") = "NotificationService.Infrastructure", "NotificationService\NotificationService.Infrastructure\NotificationService.Infrastructure.csproj", "{9AC755FB-4854-4413-90E5-BF6F81BB66C3}"
EndProject
Project("{E53339B2-1760-4266-BCC7-CA923CBCF16C}") = "docker-compose", "docker-compose.dcproj", "{DE8AF8B5-917C-4862-904E-0C4563EEF98D}"
EndProject
Project("{9A19103F-16F7-4668-BE54-9A1E7A4F7556}") = "Ocelot.ApiGateway", "ApiGateway\Ocelot.ApiGateway\Ocelot.ApiGateway.csproj", "{F01CCCB8-857C-4008-8C7E-C014D65F4AC5}"
EndProject
Project("{2150E333-8FDC-42A3-9474-1A3956D46DE8}") = "IdentityServer", "IdentityServer", "{57DF2D37-49E8-4CE2-969C-9AC6DA55B303}"
EndProject
Project("{FAE04EC0-301F-11D3-BF4B-00C04F79EFBC}") = "IdentityServer", "IdentityServer\IdentityServer.csproj", "{F155F944-DE17-4553-8EAF-0BDEB4983ABC}"
EndProject
Global
	GlobalSection(SolutionConfigurationPlatforms) = preSolution
		Debug|Any CPU = Debug|Any CPU
		Release|Any CPU = Release|Any CPU
	EndGlobalSection
	GlobalSection(ProjectConfigurationPlatforms) = postSolution
		{00751646-D8A7-4E53-BCA1-A2315C9194EC}.Debug|Any CPU.ActiveCfg = Debug|Any CPU
		{00751646-D8A7-4E53-BCA1-A2315C9194EC}.Debug|Any CPU.Build.0 = Debug|Any CPU
		{00751646-D8A7-4E53-BCA1-A2315C9194EC}.Release|Any CPU.ActiveCfg = Release|Any CPU
		{00751646-D8A7-4E53-BCA1-A2315C9194EC}.Release|Any CPU.Build.0 = Release|Any CPU
		{5E774D40-1286-42A5-A559-7BEA678217CB}.Debug|Any CPU.ActiveCfg = Debug|Any CPU
		{5E774D40-1286-42A5-A559-7BEA678217CB}.Debug|Any CPU.Build.0 = Debug|Any CPU
		{5E774D40-1286-42A5-A559-7BEA678217CB}.Release|Any CPU.ActiveCfg = Release|Any CPU
		{5E774D40-1286-42A5-A559-7BEA678217CB}.Release|Any CPU.Build.0 = Release|Any CPU
		{C75E62A9-0BE2-45DB-9B8A-BCE43500B04E}.Debug|Any CPU.ActiveCfg = Debug|Any CPU
		{C75E62A9-0BE2-45DB-9B8A-BCE43500B04E}.Debug|Any CPU.Build.0 = Debug|Any CPU
		{C75E62A9-0BE2-45DB-9B8A-BCE43500B04E}.Release|Any CPU.ActiveCfg = Release|Any CPU
		{C75E62A9-0BE2-45DB-9B8A-BCE43500B04E}.Release|Any CPU.Build.0 = Release|Any CPU
		{D9868EB3-B815-4A6A-A117-0A7310DB2AC2}.Debug|Any CPU.ActiveCfg = Debug|Any CPU
		{D9868EB3-B815-4A6A-A117-0A7310DB2AC2}.Debug|Any CPU.Build.0 = Debug|Any CPU
		{D9868EB3-B815-4A6A-A117-0A7310DB2AC2}.Release|Any CPU.ActiveCfg = Release|Any CPU
		{D9868EB3-B815-4A6A-A117-0A7310DB2AC2}.Release|Any CPU.Build.0 = Release|Any CPU
		{CA3795D8-672F-4867-8322-421953BCB92D}.Debug|Any CPU.ActiveCfg = Debug|Any CPU
		{CA3795D8-672F-4867-8322-421953BCB92D}.Debug|Any CPU.Build.0 = Debug|Any CPU
		{CA3795D8-672F-4867-8322-421953BCB92D}.Release|Any CPU.ActiveCfg = Release|Any CPU
		{CA3795D8-672F-4867-8322-421953BCB92D}.Release|Any CPU.Build.0 = Release|Any CPU
		{315F389A-BA2E-47D7-893A-2DBC4084FE3D}.Debug|Any CPU.ActiveCfg = Debug|Any CPU
		{315F389A-BA2E-47D7-893A-2DBC4084FE3D}.Debug|Any CPU.Build.0 = Debug|Any CPU
		{315F389A-BA2E-47D7-893A-2DBC4084FE3D}.Release|Any CPU.ActiveCfg = Release|Any CPU
		{315F389A-BA2E-47D7-893A-2DBC4084FE3D}.Release|Any CPU.Build.0 = Release|Any CPU
		{38BE7B82-D297-4CF0-952E-4CF4B1B4B3FD}.Debug|Any CPU.ActiveCfg = Debug|Any CPU
		{38BE7B82-D297-4CF0-952E-4CF4B1B4B3FD}.Debug|Any CPU.Build.0 = Debug|Any CPU
		{38BE7B82-D297-4CF0-952E-4CF4B1B4B3FD}.Release|Any CPU.ActiveCfg = Release|Any CPU
		{38BE7B82-D297-4CF0-952E-4CF4B1B4B3FD}.Release|Any CPU.Build.0 = Release|Any CPU
		{9AC755FB-4854-4413-90E5-BF6F81BB66C3}.Debug|Any CPU.ActiveCfg = Debug|Any CPU
		{9AC755FB-4854-4413-90E5-BF6F81BB66C3}.Debug|Any CPU.Build.0 = Debug|Any CPU
		{9AC755FB-4854-4413-90E5-BF6F81BB66C3}.Release|Any CPU.ActiveCfg = Release|Any CPU
		{9AC755FB-4854-4413-90E5-BF6F81BB66C3}.Release|Any CPU.Build.0 = Release|Any CPU
		{DE8AF8B5-917C-4862-904E-0C4563EEF98D}.Debug|Any CPU.ActiveCfg = Debug|Any CPU
		{DE8AF8B5-917C-4862-904E-0C4563EEF98D}.Debug|Any CPU.Build.0 = Debug|Any CPU
		{DE8AF8B5-917C-4862-904E-0C4563EEF98D}.Release|Any CPU.ActiveCfg = Release|Any CPU
		{DE8AF8B5-917C-4862-904E-0C4563EEF98D}.Release|Any CPU.Build.0 = Release|Any CPU
		{F01CCCB8-857C-4008-8C7E-C014D65F4AC5}.Debug|Any CPU.ActiveCfg = Debug|Any CPU
		{F01CCCB8-857C-4008-8C7E-C014D65F4AC5}.Debug|Any CPU.Build.0 = Debug|Any CPU
		{F01CCCB8-857C-4008-8C7E-C014D65F4AC5}.Release|Any CPU.ActiveCfg = Release|Any CPU
		{F01CCCB8-857C-4008-8C7E-C014D65F4AC5}.Release|Any CPU.Build.0 = Release|Any CPU
		{F155F944-DE17-4553-8EAF-0BDEB4983ABC}.Debug|Any CPU.ActiveCfg = Debug|Any CPU
		{F155F944-DE17-4553-8EAF-0BDEB4983ABC}.Debug|Any CPU.Build.0 = Debug|Any CPU
		{F155F944-DE17-4553-8EAF-0BDEB4983ABC}.Release|Any CPU.ActiveCfg = Release|Any CPU
		{F155F944-DE17-4553-8EAF-0BDEB4983ABC}.Release|Any CPU.Build.0 = Release|Any CPU
	EndGlobalSection
	GlobalSection(SolutionProperties) = preSolution
		HideSolutionNode = FALSE
	EndGlobalSection
	GlobalSection(NestedProjects) = preSolution
		{C7184889-D83B-46A9-BD2D-54196D8B684C} = {C8C74B89-85D5-4361-BC3E-E2406D010DEA}
		{09A9F9EE-65E9-42A9-80E6-BA11C0DDC0B8} = {C8C74B89-85D5-4361-BC3E-E2406D010DEA}
		{C607D165-FE71-42D4-B302-EFA0B78A1E8B} = {C8C74B89-85D5-4361-BC3E-E2406D010DEA}
		{93F6331B-D983-41D2-8D0B-1A6BE487C077} = {C8C74B89-85D5-4361-BC3E-E2406D010DEA}
		{00751646-D8A7-4E53-BCA1-A2315C9194EC} = {C607D165-FE71-42D4-B302-EFA0B78A1E8B}
		{5E774D40-1286-42A5-A559-7BEA678217CB} = {93F6331B-D983-41D2-8D0B-1A6BE487C077}
		{C75E62A9-0BE2-45DB-9B8A-BCE43500B04E} = {09A9F9EE-65E9-42A9-80E6-BA11C0DDC0B8}
		{D9868EB3-B815-4A6A-A117-0A7310DB2AC2} = {C7184889-D83B-46A9-BD2D-54196D8B684C}
		{3D164187-E072-4132-8233-6F2A524C665C} = {A99579FE-A091-4106-8827-0D3F7D27C3CB}
		{F501F351-3DC7-46A3-ABE9-B4827DA2B74A} = {A99579FE-A091-4106-8827-0D3F7D27C3CB}
		{52E1F541-67B5-4CF2-B372-BCAEA003492A} = {A99579FE-A091-4106-8827-0D3F7D27C3CB}
		{1F8B4D05-E2E3-4B44-8273-8DFA1442CDCB} = {A99579FE-A091-4106-8827-0D3F7D27C3CB}
		{CA3795D8-672F-4867-8322-421953BCB92D} = {3D164187-E072-4132-8233-6F2A524C665C}
		{315F389A-BA2E-47D7-893A-2DBC4084FE3D} = {52E1F541-67B5-4CF2-B372-BCAEA003492A}
		{38BE7B82-D297-4CF0-952E-4CF4B1B4B3FD} = {F501F351-3DC7-46A3-ABE9-B4827DA2B74A}
		{9AC755FB-4854-4413-90E5-BF6F81BB66C3} = {1F8B4D05-E2E3-4B44-8273-8DFA1442CDCB}
		{F01CCCB8-857C-4008-8C7E-C014D65F4AC5} = {71AE0E06-257D-433A-8BC3-FDDD4DBEEF0C}
		{F155F944-DE17-4553-8EAF-0BDEB4983ABC} = {57DF2D37-49E8-4CE2-969C-9AC6DA55B303}
	EndGlobalSection
	GlobalSection(ExtensibilityGlobals) = postSolution
		SolutionGuid = {48159FEE-875C-495F-B65E-9F4E09185B20}
	EndGlobalSection
EndGlobal
